
Microsoft Visual Studio Solution File, Format Version 12.00
# Visual Studio Version 17
VisualStudioVersion = 17.1.32328.378
MinimumVisualStudioVersion = 10.0.40219.1
Project("{FAE04EC0-301F-11D3-BF4B-00C04F79EFBC}") = "TqkLibrary.FFmpegRender", "TqkLibrary.FFmpegRender\TqkLibrary.FFmpegRender.csproj", "{D496D734-F0EC-42FD-AC41-8FE6BF87C73E}"
EndProject
Global
	GlobalSection(SolutionConfigurationPlatforms) = preSolution
		Debug|Any CPU = Debug|Any CPU
		Release|Any CPU = Release|Any CPU
	EndGlobalSection
	GlobalSection(ProjectConfigurationPlatforms) = postSolution
		{D496D734-F0EC-42FD-AC41-8FE6BF87C73E}.Debug|Any CPU.ActiveCfg = Debug|Any CPU
		{D496D734-F0EC-42FD-AC41-8FE6BF87C73E}.Debug|Any CPU.Build.0 = Debug|Any CPU
		{D496D734-F0EC-42FD-AC41-8FE6BF87C73E}.Release|Any CPU.ActiveCfg = Release|Any CPU
		{D496D734-F0EC-42FD-AC41-8FE6BF87C73E}.Release|Any CPU.Build.0 = Release|Any CPU
	EndGlobalSection
	GlobalSection(SolutionProperties) = preSolution
		HideSolutionNode = FALSE
	EndGlobalSection
	GlobalSection(ExtensibilityGlobals) = postSolution
		SolutionGuid = {A1A4BBD9-53AE-4BBA-80E7-AC1D05010200}
	EndGlobalSection
EndGlobal
